// !$*UTF8*$!
{
	archiveVersion = 1;
	classes = {
	};
	objectVersion = 50;
	objects = {

/* Begin PBXBuildFile section */
		B9AC4FE424D8404200D8D152 /* AppDelegate.swift in Sources */ = {isa = PBXBuildFile; fileRef = B9AC4FE324D8404200D8D152 /* AppDelegate.swift */; };
		B9AC4FE624D8404200D8D152 /* SceneDelegate.swift in Sources */ = {isa = PBXBuildFile; fileRef = B9AC4FE524D8404200D8D152 /* SceneDelegate.swift */; };
		B9AC4FE824D8404200D8D152 /* ContentView.swift in Sources */ = {isa = PBXBuildFile; fileRef = B9AC4FE724D8404200D8D152 /* ContentView.swift */; };
		B9AC4FEA24D8404B00D8D152 /* Assets.xcassets in Resources */ = {isa = PBXBuildFile; fileRef = B9AC4FE924D8404B00D8D152 /* Assets.xcassets */; };
		B9AC4FED24D8404B00D8D152 /* Preview Assets.xcassets in Resources */ = {isa = PBXBuildFile; fileRef = B9AC4FEC24D8404B00D8D152 /* Preview Assets.xcassets */; };
		B9AC4FF024D8404B00D8D152 /* LaunchScreen.storyboard in Resources */ = {isa = PBXBuildFile; fileRef = B9AC4FEE24D8404B00D8D152 /* LaunchScreen.storyboard */; };
		B9AC4FF524D8404B00D8D152 /* HeartRate WatchKit App.app in Embed Watch Content */ = {isa = PBXBuildFile; fileRef = B9AC4FF424D8404B00D8D152 /* HeartRate WatchKit App.app */; settings = {ATTRIBUTES = (RemoveHeadersOnCopy, ); }; };
		B9AC4FFB24D8404B00D8D152 /* Interface.storyboard in Resources */ = {isa = PBXBuildFile; fileRef = B9AC4FF924D8404B00D8D152 /* Interface.storyboard */; };
		B9AC4FFD24D8404E00D8D152 /* Assets.xcassets in Resources */ = {isa = PBXBuildFile; fileRef = B9AC4FFC24D8404E00D8D152 /* Assets.xcassets */; };
		B9AC500424D8404F00D8D152 /* HeartRate WatchKit Extension.appex in Embed App Extensions */ = {isa = PBXBuildFile; fileRef = B9AC500324D8404F00D8D152 /* HeartRate WatchKit Extension.appex */; settings = {ATTRIBUTES = (RemoveHeadersOnCopy, ); }; };
		B9AC500924D8404F00D8D152 /* HostingController.swift in Sources */ = {isa = PBXBuildFile; fileRef = B9AC500824D8404F00D8D152 /* HostingController.swift */; };
		B9AC500B24D8404F00D8D152 /* ContentView.swift in Sources */ = {isa = PBXBuildFile; fileRef = B9AC500A24D8404F00D8D152 /* ContentView.swift */; };
		B9AC500D24D8404F00D8D152 /* ExtensionDelegate.swift in Sources */ = {isa = PBXBuildFile; fileRef = B9AC500C24D8404F00D8D152 /* ExtensionDelegate.swift */; };
		B9AC500F24D8404F00D8D152 /* NotificationController.swift in Sources */ = {isa = PBXBuildFile; fileRef = B9AC500E24D8404F00D8D152 /* NotificationController.swift */; };
		B9AC501124D8404F00D8D152 /* NotificationView.swift in Sources */ = {isa = PBXBuildFile; fileRef = B9AC501024D8404F00D8D152 /* NotificationView.swift */; };
		B9AC501324D8404F00D8D152 /* ComplicationController.swift in Sources */ = {isa = PBXBuildFile; fileRef = B9AC501224D8404F00D8D152 /* ComplicationController.swift */; };
		B9AC501524D8405200D8D152 /* Assets.xcassets in Resources */ = {isa = PBXBuildFile; fileRef = B9AC501424D8405200D8D152 /* Assets.xcassets */; };
		B9AC501824D8405200D8D152 /* Preview Assets.xcassets in Resources */ = {isa = PBXBuildFile; fileRef = B9AC501724D8405200D8D152 /* Preview Assets.xcassets */; };
/* End PBXBuildFile section */

/* Begin PBXContainerItemProxy section */
		B9AC4FF624D8404B00D8D152 /* PBXContainerItemProxy */ = {
			isa = PBXContainerItemProxy;
			containerPortal = B9AC4FD824D8404100D8D152 /* Project object */;
			proxyType = 1;
			remoteGlobalIDString = B9AC4FF324D8404B00D8D152;
			remoteInfo = "HeartRate WatchKit App";
		};
		B9AC500524D8404F00D8D152 /* PBXContainerItemProxy */ = {
			isa = PBXContainerItemProxy;
			containerPortal = B9AC4FD824D8404100D8D152 /* Project object */;
			proxyType = 1;
			remoteGlobalIDString = B9AC500224D8404F00D8D152;
			remoteInfo = "HeartRate WatchKit Extension";
		};
/* End PBXContainerItemProxy section */

/* Begin PBXCopyFilesBuildPhase section */
		B9AC502024D8405200D8D152 /* Embed App Extensions */ = {
			isa = PBXCopyFilesBuildPhase;
			buildActionMask = 2147483647;
			dstPath = "";
			dstSubfolderSpec = 13;
			files = (
				B9AC500424D8404F00D8D152 /* HeartRate WatchKit Extension.appex in Embed App Extensions */,
			);
			name = "Embed App Extensions";
			runOnlyForDeploymentPostprocessing = 0;
		};
		B9AC502424D8405200D8D152 /* Embed Watch Content */ = {
			isa = PBXCopyFilesBuildPhase;
			buildActionMask = 2147483647;
			dstPath = "$(CONTENTS_FOLDER_PATH)/Watch";
			dstSubfolderSpec = 16;
			files = (
				B9AC4FF524D8404B00D8D152 /* HeartRate WatchKit App.app in Embed Watch Content */,
			);
			name = "Embed Watch Content";
			runOnlyForDeploymentPostprocessing = 0;
		};
/* End PBXCopyFilesBuildPhase section */

/* Begin PBXFileReference section */
		B9AC4FE024D8404200D8D152 /* HeartRate.app */ = {isa = PBXFileReference; explicitFileType = wrapper.application; includeInIndex = 0; path = HeartRate.app; sourceTree = BUILT_PRODUCTS_DIR; };
		B9AC4FE324D8404200D8D152 /* AppDelegate.swift */ = {isa = PBXFileReference; lastKnownFileType = sourcecode.swift; path = AppDelegate.swift; sourceTree = "<group>"; };
		B9AC4FE524D8404200D8D152 /* SceneDelegate.swift */ = {isa = PBXFileReference; lastKnownFileType = sourcecode.swift; path = SceneDelegate.swift; sourceTree = "<group>"; };
		B9AC4FE724D8404200D8D152 /* ContentView.swift */ = {isa = PBXFileReference; lastKnownFileType = sourcecode.swift; path = ContentView.swift; sourceTree = "<group>"; };
		B9AC4FE924D8404B00D8D152 /* Assets.xcassets */ = {isa = PBXFileReference; lastKnownFileType = folder.assetcatalog; path = Assets.xcassets; sourceTree = "<group>"; };
		B9AC4FEC24D8404B00D8D152 /* Preview Assets.xcassets */ = {isa = PBXFileReference; lastKnownFileType = folder.assetcatalog; path = "Preview Assets.xcassets"; sourceTree = "<group>"; };
		B9AC4FEF24D8404B00D8D152 /* Base */ = {isa = PBXFileReference; lastKnownFileType = file.storyboard; name = Base; path = Base.lproj/LaunchScreen.storyboard; sourceTree = "<group>"; };
		B9AC4FF124D8404B00D8D152 /* Info.plist */ = {isa = PBXFileReference; lastKnownFileType = text.plist.xml; path = Info.plist; sourceTree = "<group>"; };
		B9AC4FF424D8404B00D8D152 /* HeartRate WatchKit App.app */ = {isa = PBXFileReference; explicitFileType = wrapper.application; includeInIndex = 0; path = "HeartRate WatchKit App.app"; sourceTree = BUILT_PRODUCTS_DIR; };
		B9AC4FFA24D8404B00D8D152 /* Base */ = {isa = PBXFileReference; lastKnownFileType = file.storyboard; name = Base; path = Base.lproj/Interface.storyboard; sourceTree = "<group>"; };
		B9AC4FFC24D8404E00D8D152 /* Assets.xcassets */ = {isa = PBXFileReference; lastKnownFileType = folder.assetcatalog; path = Assets.xcassets; sourceTree = "<group>"; };
		B9AC4FFE24D8404E00D8D152 /* Info.plist */ = {isa = PBXFileReference; lastKnownFileType = text.plist.xml; path = Info.plist; sourceTree = "<group>"; };
		B9AC500324D8404F00D8D152 /* HeartRate WatchKit Extension.appex */ = {isa = PBXFileReference; explicitFileType = "wrapper.app-extension"; includeInIndex = 0; path = "HeartRate WatchKit Extension.appex"; sourceTree = BUILT_PRODUCTS_DIR; };
		B9AC500824D8404F00D8D152 /* HostingController.swift */ = {isa = PBXFileReference; lastKnownFileType = sourcecode.swift; path = HostingController.swift; sourceTree = "<group>"; };
		B9AC500A24D8404F00D8D152 /* ContentView.swift */ = {isa = PBXFileReference; lastKnownFileType = sourcecode.swift; path = ContentView.swift; sourceTree = "<group>"; };
		B9AC500C24D8404F00D8D152 /* ExtensionDelegate.swift */ = {isa = PBXFileReference; lastKnownFileType = sourcecode.swift; path = ExtensionDelegate.swift; sourceTree = "<group>"; };
		B9AC500E24D8404F00D8D152 /* NotificationController.swift */ = {isa = PBXFileReference; lastKnownFileType = sourcecode.swift; path = NotificationController.swift; sourceTree = "<group>"; };
		B9AC501024D8404F00D8D152 /* NotificationView.swift */ = {isa = PBXFileReference; lastKnownFileType = sourcecode.swift; path = NotificationView.swift; sourceTree = "<group>"; };
		B9AC501224D8404F00D8D152 /* ComplicationController.swift */ = {isa = PBXFileReference; lastKnownFileType = sourcecode.swift; path = ComplicationController.swift; sourceTree = "<group>"; };
		B9AC501424D8405200D8D152 /* Assets.xcassets */ = {isa = PBXFileReference; lastKnownFileType = folder.assetcatalog; path = Assets.xcassets; sourceTree = "<group>"; };
		B9AC501724D8405200D8D152 /* Preview Assets.xcassets */ = {isa = PBXFileReference; lastKnownFileType = folder.assetcatalog; path = "Preview Assets.xcassets"; sourceTree = "<group>"; };
		B9AC501924D8405200D8D152 /* Info.plist */ = {isa = PBXFileReference; lastKnownFileType = text.plist.xml; path = Info.plist; sourceTree = "<group>"; };
		B9AC501A24D8405200D8D152 /* PushNotificationPayload.apns */ = {isa = PBXFileReference; lastKnownFileType = text; path = PushNotificationPayload.apns; sourceTree = "<group>"; };
/* End PBXFileReference section */

/* Begin PBXFrameworksBuildPhase section */
		B9AC4FDD24D8404200D8D152 /* Frameworks */ = {
			isa = PBXFrameworksBuildPhase;
			buildActionMask = 2147483647;
			files = (
			);
			runOnlyForDeploymentPostprocessing = 0;
		};
		B9AC500024D8404F00D8D152 /* Frameworks */ = {
			isa = PBXFrameworksBuildPhase;
			buildActionMask = 2147483647;
			files = (
			);
			runOnlyForDeploymentPostprocessing = 0;
		};
/* End PBXFrameworksBuildPhase section */

/* Begin PBXGroup section */
		B9AC4FD724D8404100D8D152 = {
			isa = PBXGroup;
			children = (
				B9AC4FE224D8404200D8D152 /* HeartRate */,
				B9AC4FF824D8404B00D8D152 /* HeartRate WatchKit App */,
				B9AC500724D8404F00D8D152 /* HeartRate WatchKit Extension */,
				B9AC4FE124D8404200D8D152 /* Products */,
			);
			sourceTree = "<group>";
		};
		B9AC4FE124D8404200D8D152 /* Products */ = {
			isa = PBXGroup;
			children = (
				B9AC4FE024D8404200D8D152 /* HeartRate.app */,
				B9AC4FF424D8404B00D8D152 /* HeartRate WatchKit App.app */,
				B9AC500324D8404F00D8D152 /* HeartRate WatchKit Extension.appex */,
			);
			name = Products;
			sourceTree = "<group>";
		};
		B9AC4FE224D8404200D8D152 /* HeartRate */ = {
			isa = PBXGroup;
			children = (
				B9AC4FE324D8404200D8D152 /* AppDelegate.swift */,
				B9AC4FE524D8404200D8D152 /* SceneDelegate.swift */,
				B9AC4FE724D8404200D8D152 /* ContentView.swift */,
				B9AC4FE924D8404B00D8D152 /* Assets.xcassets */,
				B9AC4FEE24D8404B00D8D152 /* LaunchScreen.storyboard */,
				B9AC4FF124D8404B00D8D152 /* Info.plist */,
				B9AC4FEB24D8404B00D8D152 /* Preview Content */,
			);
			path = HeartRate;
			sourceTree = "<group>";
		};
		B9AC4FEB24D8404B00D8D152 /* Preview Content */ = {
			isa = PBXGroup;
			children = (
				B9AC4FEC24D8404B00D8D152 /* Preview Assets.xcassets */,
			);
			path = "Preview Content";
			sourceTree = "<group>";
		};
		B9AC4FF824D8404B00D8D152 /* HeartRate WatchKit App */ = {
			isa = PBXGroup;
			children = (
				B9AC4FF924D8404B00D8D152 /* Interface.storyboard */,
				B9AC4FFC24D8404E00D8D152 /* Assets.xcassets */,
				B9AC4FFE24D8404E00D8D152 /* Info.plist */,
			);
			path = "HeartRate WatchKit App";
			sourceTree = "<group>";
		};
		B9AC500724D8404F00D8D152 /* HeartRate WatchKit Extension */ = {
			isa = PBXGroup;
			children = (
				B9AC500824D8404F00D8D152 /* HostingController.swift */,
				B9AC500A24D8404F00D8D152 /* ContentView.swift */,
				B9AC500C24D8404F00D8D152 /* ExtensionDelegate.swift */,
				B9AC500E24D8404F00D8D152 /* NotificationController.swift */,
				B9AC501024D8404F00D8D152 /* NotificationView.swift */,
				B9AC501224D8404F00D8D152 /* ComplicationController.swift */,
				B9AC501424D8405200D8D152 /* Assets.xcassets */,
				B9AC501924D8405200D8D152 /* Info.plist */,
				B9AC501A24D8405200D8D152 /* PushNotificationPayload.apns */,
				B9AC501624D8405200D8D152 /* Preview Content */,
			);
			path = "HeartRate WatchKit Extension";
			sourceTree = "<group>";
		};
		B9AC501624D8405200D8D152 /* Preview Content */ = {
			isa = PBXGroup;
			children = (
				B9AC501724D8405200D8D152 /* Preview Assets.xcassets */,
			);
			path = "Preview Content";
			sourceTree = "<group>";
		};
/* End PBXGroup section */

/* Begin PBXNativeTarget section */
		B9AC4FDF24D8404200D8D152 /* HeartRate */ = {
			isa = PBXNativeTarget;
			buildConfigurationList = B9AC502524D8405200D8D152 /* Build configuration list for PBXNativeTarget "HeartRate" */;
			buildPhases = (
				B9AC4FDC24D8404200D8D152 /* Sources */,
				B9AC4FDD24D8404200D8D152 /* Frameworks */,
				B9AC4FDE24D8404200D8D152 /* Resources */,
				B9AC502424D8405200D8D152 /* Embed Watch Content */,
			);
			buildRules = (
			);
			dependencies = (
				B9AC4FF724D8404B00D8D152 /* PBXTargetDependency */,
			);
			name = HeartRate;
			productName = HeartRate;
			productReference = B9AC4FE024D8404200D8D152 /* HeartRate.app */;
			productType = "com.apple.product-type.application";
		};
		B9AC4FF324D8404B00D8D152 /* HeartRate WatchKit App */ = {
			isa = PBXNativeTarget;
			buildConfigurationList = B9AC502124D8405200D8D152 /* Build configuration list for PBXNativeTarget "HeartRate WatchKit App" */;
			buildPhases = (
				B9AC4FF224D8404B00D8D152 /* Resources */,
				B9AC502024D8405200D8D152 /* Embed App Extensions */,
			);
			buildRules = (
			);
			dependencies = (
				B9AC500624D8404F00D8D152 /* PBXTargetDependency */,
			);
			name = "HeartRate WatchKit App";
			productName = "HeartRate WatchKit App";
			productReference = B9AC4FF424D8404B00D8D152 /* HeartRate WatchKit App.app */;
			productType = "com.apple.product-type.application.watchapp2";
		};
		B9AC500224D8404F00D8D152 /* HeartRate WatchKit Extension */ = {
			isa = PBXNativeTarget;
			buildConfigurationList = B9AC501D24D8405200D8D152 /* Build configuration list for PBXNativeTarget "HeartRate WatchKit Extension" */;
			buildPhases = (
				B9AC4FFF24D8404F00D8D152 /* Sources */,
				B9AC500024D8404F00D8D152 /* Frameworks */,
				B9AC500124D8404F00D8D152 /* Resources */,
			);
			buildRules = (
			);
			dependencies = (
			);
			name = "HeartRate WatchKit Extension";
			productName = "HeartRate WatchKit Extension";
			productReference = B9AC500324D8404F00D8D152 /* HeartRate WatchKit Extension.appex */;
			productType = "com.apple.product-type.watchkit2-extension";
		};
/* End PBXNativeTarget section */

/* Begin PBXProject section */
		B9AC4FD824D8404100D8D152 /* Project object */ = {
			isa = PBXProject;
			attributes = {
				LastSwiftUpdateCheck = 1200;
				LastUpgradeCheck = 1200;
				TargetAttributes = {
					B9AC4FDF24D8404200D8D152 = {
						CreatedOnToolsVersion = 12.0;
					};
					B9AC4FF324D8404B00D8D152 = {
						CreatedOnToolsVersion = 12.0;
					};
					B9AC500224D8404F00D8D152 = {
						CreatedOnToolsVersion = 12.0;
					};
				};
			};
			buildConfigurationList = B9AC4FDB24D8404100D8D152 /* Build configuration list for PBXProject "HeartRate" */;
			compatibilityVersion = "Xcode 9.3";
			developmentRegion = en;
			hasScannedForEncodings = 0;
			knownRegions = (
				en,
				Base,
			);
			mainGroup = B9AC4FD724D8404100D8D152;
			productRefGroup = B9AC4FE124D8404200D8D152 /* Products */;
			projectDirPath = "";
			projectRoot = "";
			targets = (
				B9AC4FDF24D8404200D8D152 /* HeartRate */,
				B9AC4FF324D8404B00D8D152 /* HeartRate WatchKit App */,
				B9AC500224D8404F00D8D152 /* HeartRate WatchKit Extension */,
			);
		};
/* End PBXProject section */

/* Begin PBXResourcesBuildPhase section */
		B9AC4FDE24D8404200D8D152 /* Resources */ = {
			isa = PBXResourcesBuildPhase;
			buildActionMask = 2147483647;
			files = (
				B9AC4FF024D8404B00D8D152 /* LaunchScreen.storyboard in Resources */,
				B9AC4FED24D8404B00D8D152 /* Preview Assets.xcassets in Resources */,
				B9AC4FEA24D8404B00D8D152 /* Assets.xcassets in Resources */,
			);
			runOnlyForDeploymentPostprocessing = 0;
		};
		B9AC4FF224D8404B00D8D152 /* Resources */ = {
			isa = PBXResourcesBuildPhase;
			buildActionMask = 2147483647;
			files = (
				B9AC4FFD24D8404E00D8D152 /* Assets.xcassets in Resources */,
				B9AC4FFB24D8404B00D8D152 /* Interface.storyboard in Resources */,
			);
			runOnlyForDeploymentPostprocessing = 0;
		};
		B9AC500124D8404F00D8D152 /* Resources */ = {
			isa = PBXResourcesBuildPhase;
			buildActionMask = 2147483647;
			files = (
				B9AC501824D8405200D8D152 /* Preview Assets.xcassets in Resources */,
				B9AC501524D8405200D8D152 /* Assets.xcassets in Resources */,
			);
			runOnlyForDeploymentPostprocessing = 0;
		};
/* End PBXResourcesBuildPhase section */

/* Begin PBXSourcesBuildPhase section */
		B9AC4FDC24D8404200D8D152 /* Sources */ = {
			isa = PBXSourcesBuildPhase;
			buildActionMask = 2147483647;
			files = (
				B9AC4FE424D8404200D8D152 /* AppDelegate.swift in Sources */,
				B9AC4FE624D8404200D8D152 /* SceneDelegate.swift in Sources */,
				B9AC4FE824D8404200D8D152 /* ContentView.swift in Sources */,
			);
			runOnlyForDeploymentPostprocessing = 0;
		};
		B9AC4FFF24D8404F00D8D152 /* Sources */ = {
			isa = PBXSourcesBuildPhase;
			buildActionMask = 2147483647;
			files = (
				B9AC500B24D8404F00D8D152 /* ContentView.swift in Sources */,
				B9AC500924D8404F00D8D152 /* HostingController.swift in Sources */,
				B9AC500F24D8404F00D8D152 /* NotificationController.swift in Sources */,
				B9AC500D24D8404F00D8D152 /* ExtensionDelegate.swift in Sources */,
				B9AC501124D8404F00D8D152 /* NotificationView.swift in Sources */,
				B9AC501324D8404F00D8D152 /* ComplicationController.swift in Sources */,
			);
			runOnlyForDeploymentPostprocessing = 0;
		};
/* End PBXSourcesBuildPhase section */

/* Begin PBXTargetDependency section */
		B9AC4FF724D8404B00D8D152 /* PBXTargetDependency */ = {
			isa = PBXTargetDependency;
			target = B9AC4FF324D8404B00D8D152 /* HeartRate WatchKit App */;
			targetProxy = B9AC4FF624D8404B00D8D152 /* PBXContainerItemProxy */;
		};
		B9AC500624D8404F00D8D152 /* PBXTargetDependency */ = {
			isa = PBXTargetDependency;
			target = B9AC500224D8404F00D8D152 /* HeartRate WatchKit Extension */;
			targetProxy = B9AC500524D8404F00D8D152 /* PBXContainerItemProxy */;
		};
/* End PBXTargetDependency section */

/* Begin PBXVariantGroup section */
		B9AC4FEE24D8404B00D8D152 /* LaunchScreen.storyboard */ = {
			isa = PBXVariantGroup;
			children = (
				B9AC4FEF24D8404B00D8D152 /* Base */,
			);
			name = LaunchScreen.storyboard;
			sourceTree = "<group>";
		};
		B9AC4FF924D8404B00D8D152 /* Interface.storyboard */ = {
			isa = PBXVariantGroup;
			children = (
				B9AC4FFA24D8404B00D8D152 /* Base */,
			);
			name = Interface.storyboard;
			sourceTree = "<group>";
		};
/* End PBXVariantGroup section */

/* Begin XCBuildConfiguration section */
		B9AC501B24D8405200D8D152 /* Debug */ = {
			isa = XCBuildConfiguration;
			buildSettings = {
				ALWAYS_SEARCH_USER_PATHS = NO;
				CLANG_ANALYZER_NONNULL = YES;
				CLANG_ANALYZER_NUMBER_OBJECT_CONVERSION = YES_AGGRESSIVE;
				CLANG_CXX_LANGUAGE_STANDARD = "gnu++14";
				CLANG_CXX_LIBRARY = "libc++";
				CLANG_ENABLE_MODULES = YES;
				CLANG_ENABLE_OBJC_ARC = YES;
				CLANG_ENABLE_OBJC_WEAK = YES;
				CLANG_WARN_BLOCK_CAPTURE_AUTORELEASING = YES;
				CLANG_WARN_BOOL_CONVERSION = YES;
				CLANG_WARN_COMMA = YES;
				CLANG_WARN_CONSTANT_CONVERSION = YES;
				CLANG_WARN_DEPRECATED_OBJC_IMPLEMENTATIONS = YES;
				CLANG_WARN_DIRECT_OBJC_ISA_USAGE = YES_ERROR;
				CLANG_WARN_DOCUMENTATION_COMMENTS = YES;
				CLANG_WARN_EMPTY_BODY = YES;
				CLANG_WARN_ENUM_CONVERSION = YES;
				CLANG_WARN_INFINITE_RECURSION = YES;
				CLANG_WARN_INT_CONVERSION = YES;
				CLANG_WARN_NON_LITERAL_NULL_CONVERSION = YES;
				CLANG_WARN_OBJC_IMPLICIT_RETAIN_SELF = YES;
				CLANG_WARN_OBJC_LITERAL_CONVERSION = YES;
				CLANG_WARN_OBJC_ROOT_CLASS = YES_ERROR;
				CLANG_WARN_QUOTED_INCLUDE_IN_FRAMEWORK_HEADER = YES;
				CLANG_WARN_RANGE_LOOP_ANALYSIS = YES;
				CLANG_WARN_STRICT_PROTOTYPES = YES;
				CLANG_WARN_SUSPICIOUS_MOVE = YES;
				CLANG_WARN_UNGUARDED_AVAILABILITY = YES_AGGRESSIVE;
				CLANG_WARN_UNREACHABLE_CODE = YES;
				CLANG_WARN__DUPLICATE_METHOD_MATCH = YES;
				COPY_PHASE_STRIP = NO;
				DEBUG_INFORMATION_FORMAT = dwarf;
				ENABLE_STRICT_OBJC_MSGSEND = YES;
				ENABLE_TESTABILITY = YES;
				GCC_C_LANGUAGE_STANDARD = gnu11;
				GCC_DYNAMIC_NO_PIC = NO;
				GCC_NO_COMMON_BLOCKS = YES;
				GCC_OPTIMIZATION_LEVEL = 0;
				GCC_PREPROCESSOR_DEFINITIONS = (
					"DEBUG=1",
					"$(inherited)",
				);
				GCC_WARN_64_TO_32_BIT_CONVERSION = YES;
				GCC_WARN_ABOUT_RETURN_TYPE = YES_ERROR;
				GCC_WARN_UNDECLARED_SELECTOR = YES;
				GCC_WARN_UNINITIALIZED_AUTOS = YES_AGGRESSIVE;
				GCC_WARN_UNUSED_FUNCTION = YES;
				GCC_WARN_UNUSED_VARIABLE = YES;
				MTL_ENABLE_DEBUG_INFO = INCLUDE_SOURCE;
				MTL_FAST_MATH = YES;
				ONLY_ACTIVE_ARCH = YES;
				SWIFT_ACTIVE_COMPILATION_CONDITIONS = DEBUG;
				SWIFT_OPTIMIZATION_LEVEL = "-Onone";
			};
			name = Debug;
		};
		B9AC501C24D8405200D8D152 /* Release */ = {
			isa = XCBuildConfiguration;
			buildSettings = {
				ALWAYS_SEARCH_USER_PATHS = NO;
				CLANG_ANALYZER_NONNULL = YES;
				CLANG_ANALYZER_NUMBER_OBJECT_CONVERSION = YES_AGGRESSIVE;
				CLANG_CXX_LANGUAGE_STANDARD = "gnu++14";
				CLANG_CXX_LIBRARY = "libc++";
				CLANG_ENABLE_MODULES = YES;
				CLANG_ENABLE_OBJC_ARC = YES;
				CLANG_ENABLE_OBJC_WEAK = YES;
				CLANG_WARN_BLOCK_CAPTURE_AUTORELEASING = YES;
				CLANG_WARN_BOOL_CONVERSION = YES;
				CLANG_WARN_COMMA = YES;
				CLANG_WARN_CONSTANT_CONVERSION = YES;
				CLANG_WARN_DEPRECATED_OBJC_IMPLEMENTATIONS = YES;
				CLANG_WARN_DIRECT_OBJC_ISA_USAGE = YES_ERROR;
				CLANG_WARN_DOCUMENTATION_COMMENTS = YES;
				CLANG_WARN_EMPTY_BODY = YES;
				CLANG_WARN_ENUM_CONVERSION = YES;
				CLANG_WARN_INFINITE_RECURSION = YES;
				CLANG_WARN_INT_CONVERSION = YES;
				CLANG_WARN_NON_LITERAL_NULL_CONVERSION = YES;
				CLANG_WARN_OBJC_IMPLICIT_RETAIN_SELF = YES;
				CLANG_WARN_OBJC_LITERAL_CONVERSION = YES;
				CLANG_WARN_OBJC_ROOT_CLASS = YES_ERROR;
				CLANG_WARN_QUOTED_INCLUDE_IN_FRAMEWORK_HEADER = YES;
				CLANG_WARN_RANGE_LOOP_ANALYSIS = YES;
				CLANG_WARN_STRICT_PROTOTYPES = YES;
				CLANG_WARN_SUSPICIOUS_MOVE = YES;
				CLANG_WARN_UNGUARDED_AVAILABILITY = YES_AGGRESSIVE;
				CLANG_WARN_UNREACHABLE_CODE = YES;
				CLANG_WARN__DUPLICATE_METHOD_MATCH = YES;
				COPY_PHASE_STRIP = NO;
				DEBUG_INFORMATION_FORMAT = "dwarf-with-dsym";
				ENABLE_NS_ASSERTIONS = NO;
				ENABLE_STRICT_OBJC_MSGSEND = YES;
				GCC_C_LANGUAGE_STANDARD = gnu11;
				GCC_NO_COMMON_BLOCKS = YES;
				GCC_WARN_64_TO_32_BIT_CONVERSION = YES;
				GCC_WARN_ABOUT_RETURN_TYPE = YES_ERROR;
				GCC_WARN_UNDECLARED_SELECTOR = YES;
				GCC_WARN_UNINITIALIZED_AUTOS = YES_AGGRESSIVE;
				GCC_WARN_UNUSED_FUNCTION = YES;
				GCC_WARN_UNUSED_VARIABLE = YES;
				MTL_ENABLE_DEBUG_INFO = NO;
				MTL_FAST_MATH = YES;
				SWIFT_COMPILATION_MODE = wholemodule;
				SWIFT_OPTIMIZATION_LEVEL = "-O";
			};
			name = Release;
		};
		B9AC501E24D8405200D8D152 /* Debug */ = {
			isa = XCBuildConfiguration;
			buildSettings = {
				ASSETCATALOG_COMPILER_COMPLICATION_NAME = Complication;
				CODE_SIGN_STYLE = Automatic;
				DEVELOPMENT_ASSET_PATHS = "\"HeartRate WatchKit Extension/Preview Content\"";
				DEVELOPMENT_TEAM = L6T2S9K4GS;
				ENABLE_PREVIEWS = YES;
				INFOPLIST_FILE = "HeartRate WatchKit Extension/Info.plist";
				LD_RUNPATH_SEARCH_PATHS = (
					"$(inherited)",
					"@executable_path/Frameworks",
					"@executable_path/../../Frameworks",
				);
				PRODUCT_BUNDLE_IDENTIFIER = me.Bily.Vyacheslav.HeartRate.watchkitapp.watchkitextension;
				PRODUCT_NAME = "${TARGET_NAME}";
				SDKROOT = watchos;
				SKIP_INSTALL = YES;
				SWIFT_VERSION = 5.0;
				TARGETED_DEVICE_FAMILY = 4;
				WATCHOS_DEPLOYMENT_TARGET = 7.0;
			};
			name = Debug;
		};
		B9AC501F24D8405200D8D152 /* Release */ = {
			isa = XCBuildConfiguration;
			buildSettings = {
				ASSETCATALOG_COMPILER_COMPLICATION_NAME = Complication;
				CODE_SIGN_STYLE = Automatic;
				DEVELOPMENT_ASSET_PATHS = "\"HeartRate WatchKit Extension/Preview Content\"";
				DEVELOPMENT_TEAM = L6T2S9K4GS;
				ENABLE_PREVIEWS = YES;
				INFOPLIST_FILE = "HeartRate WatchKit Extension/Info.plist";
				LD_RUNPATH_SEARCH_PATHS = (
					"$(inherited)",
					"@executable_path/Frameworks",
					"@executable_path/../../Frameworks",
				);
				PRODUCT_BUNDLE_IDENTIFIER = me.Bily.Vyacheslav.HeartRate.watchkitapp.watchkitextension;
				PRODUCT_NAME = "${TARGET_NAME}";
				SDKROOT = watchos;
				SKIP_INSTALL = YES;
				SWIFT_VERSION = 5.0;
				TARGETED_DEVICE_FAMILY = 4;
				VALIDATE_PRODUCT = YES;
				WATCHOS_DEPLOYMENT_TARGET = 7.0;
			};
			name = Release;
		};
		B9AC502224D8405200D8D152 /* Debug */ = {
			isa = XCBuildConfiguration;
			buildSettings = {
				ALWAYS_EMBED_SWIFT_STANDARD_LIBRARIES = YES;
				ASSETCATALOG_COMPILER_APPICON_NAME = AppIcon;
				ASSETCATALOG_COMPILER_GLOBAL_ACCENT_COLOR_NAME = AccentColor;
				CODE_SIGN_STYLE = Automatic;
				DEVELOPMENT_TEAM = L6T2S9K4GS;
				IBSC_MODULE = HeartRate_WatchKit_Extension;
				INFOPLIST_FILE = "HeartRate WatchKit App/Info.plist";
				PRODUCT_BUNDLE_IDENTIFIER = me.Bily.Vyacheslav.HeartRate.watchkitapp;
				PRODUCT_NAME = "$(TARGET_NAME)";
				SDKROOT = watchos;
				SKIP_INSTALL = YES;
				SWIFT_VERSION = 5.0;
				TARGETED_DEVICE_FAMILY = 4;
				WATCHOS_DEPLOYMENT_TARGET = 7.0;
			};
			name = Debug;
		};
		B9AC502324D8405200D8D152 /* Release */ = {
			isa = XCBuildConfiguration;
			buildSettings = {
				ALWAYS_EMBED_SWIFT_STANDARD_LIBRARIES = YES;
				ASSETCATALOG_COMPILER_APPICON_NAME = AppIcon;
				ASSETCATALOG_COMPILER_GLOBAL_ACCENT_COLOR_NAME = AccentColor;
				CODE_SIGN_STYLE = Automatic;
				DEVELOPMENT_TEAM = L6T2S9K4GS;
				IBSC_MODULE = HeartRate_WatchKit_Extension;
				INFOPLIST_FILE = "HeartRate WatchKit App/Info.plist";
				PRODUCT_BUNDLE_IDENTIFIER = me.Bily.Vyacheslav.HeartRate.watchkitapp;
				PRODUCT_NAME = "$(TARGET_NAME)";
				SDKROOT = watchos;
				SKIP_INSTALL = YES;
				SWIFT_VERSION = 5.0;
				TARGETED_DEVICE_FAMILY = 4;
				VALIDATE_PRODUCT = YES;
				WATCHOS_DEPLOYMENT_TARGET = 7.0;
			};
			name = Release;
		};
		B9AC502624D8405200D8D152 /* Debug */ = {
			isa = XCBuildConfiguration;
			buildSettings = {
				ASSETCATALOG_COMPILER_APPICON_NAME = AppIcon;
				ASSETCATALOG_COMPILER_GLOBAL_ACCENT_COLOR_NAME = AccentColor;
				CODE_SIGN_STYLE = Automatic;
				DEVELOPMENT_ASSET_PATHS = "\"HeartRate/Preview Content\"";
				DEVELOPMENT_TEAM = L6T2S9K4GS;
				ENABLE_PREVIEWS = YES;
				INFOPLIST_FILE = HeartRate/Info.plist;
				IPHONEOS_DEPLOYMENT_TARGET = 14.0;
				LD_RUNPATH_SEARCH_PATHS = (
					"$(inherited)",
					"@executable_path/Frameworks",
				);
				PRODUCT_BUNDLE_IDENTIFIER = me.Bily.Vyacheslav.HeartRate;
				PRODUCT_NAME = "$(TARGET_NAME)";
				SDKROOT = iphoneos;
				SWIFT_VERSION = 5.0;
				TARGETED_DEVICE_FAMILY = "1,2";
			};
			name = Debug;
		};
		B9AC502724D8405200D8D152 /* Release */ = {
			isa = XCBuildConfiguration;
			buildSettings = {
				ASSETCATALOG_COMPILER_APPICON_NAME = AppIcon;
				ASSETCATALOG_COMPILER_GLOBAL_ACCENT_COLOR_NAME = AccentColor;
				CODE_SIGN_STYLE = Automatic;
				DEVELOPMENT_ASSET_PATHS = "\"HeartRate/Preview Content\"";
				DEVELOPMENT_TEAM = L6T2S9K4GS;
				ENABLE_PREVIEWS = YES;
				INFOPLIST_FILE = HeartRate/Info.plist;
				IPHONEOS_DEPLOYMENT_TARGET = 14.0;
				LD_RUNPATH_SEARCH_PATHS = (
					"$(inherited)",
					"@executable_path/Frameworks",
				);
				PRODUCT_BUNDLE_IDENTIFIER = me.Bily.Vyacheslav.HeartRate;
				PRODUCT_NAME = "$(TARGET_NAME)";
				SDKROOT = iphoneos;
				SWIFT_VERSION = 5.0;
				TARGETED_DEVICE_FAMILY = "1,2";
				VALIDATE_PRODUCT = YES;
			};
			name = Release;
		};
/* End XCBuildConfiguration section */

/* Begin XCConfigurationList section */
		B9AC4FDB24D8404100D8D152 /* Build configuration list for PBXProject "HeartRate" */ = {
			isa = XCConfigurationList;
			buildConfigurations = (
				B9AC501B24D8405200D8D152 /* Debug */,
				B9AC501C24D8405200D8D152 /* Release */,
			);
			defaultConfigurationIsVisible = 0;
			defaultConfigurationName = Release;
		};
		B9AC501D24D8405200D8D152 /* Build configuration list for PBXNativeTarget "HeartRate WatchKit Extension" */ = {
			isa = XCConfigurationList;
			buildConfigurations = (
				B9AC501E24D8405200D8D152 /* Debug */,
				B9AC501F24D8405200D8D152 /* Release */,
			);
			defaultConfigurationIsVisible = 0;
			defaultConfigurationName = Release;
		};
		B9AC502124D8405200D8D152 /* Build configuration list for PBXNativeTarget "HeartRate WatchKit App" */ = {
			isa = XCConfigurationList;
			buildConfigurations = (
				B9AC502224D8405200D8D152 /* Debug */,
				B9AC502324D8405200D8D152 /* Release */,
			);
			defaultConfigurationIsVisible = 0;
			defaultConfigurationName = Release;
		};
		B9AC502524D8405200D8D152 /* Build configuration list for PBXNativeTarget "HeartRate" */ = {
			isa = XCConfigurationList;
			buildConfigurations = (
				B9AC502624D8405200D8D152 /* Debug */,
				B9AC502724D8405200D8D152 /* Release */,
			);
			defaultConfigurationIsVisible = 0;
			defaultConfigurationName = Release;
		};
/* End XCConfigurationList section */
	};
	rootObject = B9AC4FD824D8404100D8D152 /* Project object */;
}
